{
    "_meta": {
        "hash": {
            "sha256": "2c704927959da41d6ce4b2a1319c8ea0c7ee5f4cffde61d7a657d948deaf53d1"
        },
        "pipfile-spec": 6,
        "requires": {
            "python_version": "3.7"
        },
        "sources": [
            {
                "name": "pypi",
                "url": "https://pypi.org/simple",
                "verify_ssl": false
            }
        ]
    },
    "default": {
        "peewee": {
            "hashes": [
                "sha256:5fef3173852f8e87f23dfe7d6c2beec401f3ac806be3dff44d5d1dc65c357adf",
                "sha256:bc879e1ffb7f7684f90d9dd236c77b5042118d079f94764f35e3806948829ac8"
            ],
            "index": "pypi",
            "version": "==3.9.6"
        }
    },
    "develop": {}
}
